
Microsoft Visual Studio Solution File, Format Version 12.00
# Visual Studio Version 17
VisualStudioVersion = 17.8.34525.116
MinimumVisualStudioVersion = 10.0.40219.1
Project("{8BC9CEB8-8B4A-11D0-8D11-00A0C91BC942}") = "Game2D", "Game2D.vcxproj", "{FC4EFEC7-B377-497F-A722-706D29A7092A}"
EndProject
Global
	GlobalSection(SolutionConfigurationPlatforms) = preSolution
		Debug|x64 = Debug|x64
		Debug|x86 = Debug|x86
		Release|x64 = Release|x64
		Release|x86 = Release|x86
	EndGlobalSection
	GlobalSection(ProjectConfigurationPlatforms) = postSolution
		{FC4EFEC7-B377-497F-A722-706D29A7092A}.Debug|x64.ActiveCfg = Debug|x64
		{FC4EFEC7-B377-497F-A722-706D29A7092A}.Debug|x64.Build.0 = Debug|x64
		{FC4EFEC7-B377-497F-A722-706D29A7092A}.Debug|x86.ActiveCfg = Debug|Win32
		{FC4EFEC7-B377-497F-A722-706D29A7092A}.Debug|x86.Build.0 = Debug|Win32
		{FC4EFEC7-B377-497F-A722-706D29A7092A}.Release|x64.ActiveCfg = Release|x64
		{FC4EFEC7-B377-497F-A722-706D29A7092A}.Release|x64.Build.0 = Release|x64
		{FC4EFEC7-B377-497F-A722-706D29A7092A}.Release|x86.ActiveCfg = Release|Win32
		{FC4EFEC7-B377-497F-A722-706D29A7092A}.Release|x86.Build.0 = Release|Win32
	EndGlobalSection
	GlobalSection(SolutionProperties) = preSolution
		HideSolutionNode = FALSE
	EndGlobalSection
	GlobalSection(ExtensibilityGlobals) = postSolution
		SolutionGuid = {F3E4871C-8D86-4322-8FF4-61052AEE8B51}
	EndGlobalSection
EndGlobal
